// !$*UTF8*$!
{
	archiveVersion = 1;
	classes = {
	};
	objectVersion = 56;
	objects = {

/* Begin PBXBuildFile section */
		891B44752B52A6B500F06366 /* AppDelegate.swift in Sources */ = {isa = PBXBuildFile; fileRef = 891B44742B52A6B500F06366 /* AppDelegate.swift */; };
		891B44772B52A6B600F06366 /* GameScene.sks in Resources */ = {isa = PBXBuildFile; fileRef = 891B44762B52A6B600F06366 /* GameScene.sks */; };
		891B447B2B52A6B600F06366 /* GameScene.swift in Sources */ = {isa = PBXBuildFile; fileRef = 891B447A2B52A6B600F06366 /* GameScene.swift */; };
		891B447D2B52A6B600F06366 /* GameViewController.swift in Sources */ = {isa = PBXBuildFile; fileRef = 891B447C2B52A6B600F06366 /* GameViewController.swift */; };
		891B44802B52A6B600F06366 /* Main.storyboard in Resources */ = {isa = PBXBuildFile; fileRef = 891B447E2B52A6B600F06366 /* Main.storyboard */; };
		891B44822B52A6B700F06366 /* Assets.xcassets in Resources */ = {isa = PBXBuildFile; fileRef = 891B44812B52A6B700F06366 /* Assets.xcassets */; };
		891B44852B52A6B700F06366 /* LaunchScreen.storyboard in Resources */ = {isa = PBXBuildFile; fileRef = 891B44832B52A6B700F06366 /* LaunchScreen.storyboard */; };
		891B44912B52AA8700F06366 /* PlayerExplosion.sks in Resources */ = {isa = PBXBuildFile; fileRef = 891B448C2B52AA8700F06366 /* PlayerExplosion.sks */; };
		891B44922B52AA8700F06366 /* spark.png in Resources */ = {isa = PBXBuildFile; fileRef = 891B448D2B52AA8700F06366 /* spark.png */; };
		891B44932B52AA8700F06366 /* coin.wav in Resources */ = {isa = PBXBuildFile; fileRef = 891B448E2B52AA8700F06366 /* coin.wav */; };
		891B44942B52AA8700F06366 /* explosion.wav in Resources */ = {isa = PBXBuildFile; fileRef = 891B448F2B52AA8700F06366 /* explosion.wav */; };
		891B44952B52AA8700F06366 /* music.m4a in Resources */ = {isa = PBXBuildFile; fileRef = 891B44902B52AA8700F06366 /* music.m4a */; };
/* End PBXBuildFile section */

/* Begin PBXFileReference section */
		891B44712B52A6B500F06366 /* CrashyPlane.app */ = {isa = PBXFileReference; explicitFileType = wrapper.application; includeInIndex = 0; path = CrashyPlane.app; sourceTree = BUILT_PRODUCTS_DIR; };
		891B44742B52A6B500F06366 /* AppDelegate.swift */ = {isa = PBXFileReference; lastKnownFileType = sourcecode.swift; path = AppDelegate.swift; sourceTree = "<group>"; };
		891B44762B52A6B600F06366 /* GameScene.sks */ = {isa = PBXFileReference; lastKnownFileType = file.sks; path = GameScene.sks; sourceTree = "<group>"; };
		891B447A2B52A6B600F06366 /* GameScene.swift */ = {isa = PBXFileReference; lastKnownFileType = sourcecode.swift; path = GameScene.swift; sourceTree = "<group>"; };
		891B447C2B52A6B600F06366 /* GameViewController.swift */ = {isa = PBXFileReference; lastKnownFileType = sourcecode.swift; path = GameViewController.swift; sourceTree = "<group>"; };
		891B447F2B52A6B600F06366 /* Base */ = {isa = PBXFileReference; lastKnownFileType = file.storyboard; name = Base; path = Base.lproj/Main.storyboard; sourceTree = "<group>"; };
		891B44812B52A6B700F06366 /* Assets.xcassets */ = {isa = PBXFileReference; lastKnownFileType = folder.assetcatalog; path = Assets.xcassets; sourceTree = "<group>"; };
		891B44842B52A6B700F06366 /* Base */ = {isa = PBXFileReference; lastKnownFileType = file.storyboard; name = Base; path = Base.lproj/LaunchScreen.storyboard; sourceTree = "<group>"; };
		891B448C2B52AA8700F06366 /* PlayerExplosion.sks */ = {isa = PBXFileReference; lastKnownFileType = file.sks; path = PlayerExplosion.sks; sourceTree = "<group>"; };
		891B448D2B52AA8700F06366 /* spark.png */ = {isa = PBXFileReference; lastKnownFileType = image.png; path = spark.png; sourceTree = "<group>"; };
		891B448E2B52AA8700F06366 /* coin.wav */ = {isa = PBXFileReference; lastKnownFileType = audio.wav; path = coin.wav; sourceTree = "<group>"; };
		891B448F2B52AA8700F06366 /* explosion.wav */ = {isa = PBXFileReference; lastKnownFileType = audio.wav; path = explosion.wav; sourceTree = "<group>"; };
		891B44902B52AA8700F06366 /* music.m4a */ = {isa = PBXFileReference; lastKnownFileType = file; path = music.m4a; sourceTree = "<group>"; };
/* End PBXFileReference section */

/* Begin PBXFrameworksBuildPhase section */
		891B446E2B52A6B500F06366 /* Frameworks */ = {
			isa = PBXFrameworksBuildPhase;
			buildActionMask = 2147483647;
			files = (
			);
			runOnlyForDeploymentPostprocessing = 0;
		};
/* End PBXFrameworksBuildPhase section */

/* Begin PBXGroup section */
		891B44682B52A6B500F06366 = {
			isa = PBXGroup;
			children = (
				891B44732B52A6B500F06366 /* CrashyPlane */,
				891B44722B52A6B500F06366 /* Products */,
			);
			sourceTree = "<group>";
		};
		891B44722B52A6B500F06366 /* Products */ = {
			isa = PBXGroup;
			children = (
				891B44712B52A6B500F06366 /* CrashyPlane.app */,
			);
			name = Products;
			sourceTree = "<group>";
		};
		891B44732B52A6B500F06366 /* CrashyPlane */ = {
			isa = PBXGroup;
			children = (
				891B448B2B52AA4F00F06366 /* Content */,
				891B44742B52A6B500F06366 /* AppDelegate.swift */,
				891B44762B52A6B600F06366 /* GameScene.sks */,
				891B447A2B52A6B600F06366 /* GameScene.swift */,
				891B447C2B52A6B600F06366 /* GameViewController.swift */,
				891B447E2B52A6B600F06366 /* Main.storyboard */,
				891B44812B52A6B700F06366 /* Assets.xcassets */,
				891B44832B52A6B700F06366 /* LaunchScreen.storyboard */,
			);
			path = CrashyPlane;
			sourceTree = "<group>";
		};
		891B448B2B52AA4F00F06366 /* Content */ = {
			isa = PBXGroup;
			children = (
				891B448E2B52AA8700F06366 /* coin.wav */,
				891B448F2B52AA8700F06366 /* explosion.wav */,
				891B44902B52AA8700F06366 /* music.m4a */,
				891B448C2B52AA8700F06366 /* PlayerExplosion.sks */,
				891B448D2B52AA8700F06366 /* spark.png */,
			);
			path = Content;
			sourceTree = "<group>";
		};
/* End PBXGroup section */

/* Begin PBXNativeTarget section */
		891B44702B52A6B500F06366 /* CrashyPlane */ = {
			isa = PBXNativeTarget;
			buildConfigurationList = 891B44882B52A6B700F06366 /* Build configuration list for PBXNativeTarget "CrashyPlane" */;
			buildPhases = (
				891B446D2B52A6B500F06366 /* Sources */,
				891B446E2B52A6B500F06366 /* Frameworks */,
				891B446F2B52A6B500F06366 /* Resources */,
			);
			buildRules = (
			);
			dependencies = (
			);
			name = CrashyPlane;
			productName = CrashyPlane;
			productReference = 891B44712B52A6B500F06366 /* CrashyPlane.app */;
			productType = "com.apple.product-type.application";
		};
/* End PBXNativeTarget section */

/* Begin PBXProject section */
		891B44692B52A6B500F06366 /* Project object */ = {
			isa = PBXProject;
			attributes = {
				BuildIndependentTargetsInParallel = 1;
				LastSwiftUpdateCheck = 1520;
				LastUpgradeCheck = 1520;
				TargetAttributes = {
					891B44702B52A6B500F06366 = {
						CreatedOnToolsVersion = 15.2;
					};
				};
			};
			buildConfigurationList = 891B446C2B52A6B500F06366 /* Build configuration list for PBXProject "CrashyPlane" */;
			compatibilityVersion = "Xcode 14.0";
			developmentRegion = en;
			hasScannedForEncodings = 0;
			knownRegions = (
				en,
				Base,
			);
			mainGroup = 891B44682B52A6B500F06366;
			productRefGroup = 891B44722B52A6B500F06366 /* Products */;
			projectDirPath = "";
			projectRoot = "";
			targets = (
				891B44702B52A6B500F06366 /* CrashyPlane */,
			);
		};
/* End PBXProject section */

/* Begin PBXResourcesBuildPhase section */
		891B446F2B52A6B500F06366 /* Resources */ = {
			isa = PBXResourcesBuildPhase;
			buildActionMask = 2147483647;
			files = (
				891B44802B52A6B600F06366 /* Main.storyboard in Resources */,
				891B44932B52AA8700F06366 /* coin.wav in Resources */,
				891B44952B52AA8700F06366 /* music.m4a in Resources */,
				891B44942B52AA8700F06366 /* explosion.wav in Resources */,
				891B44922B52AA8700F06366 /* spark.png in Resources */,
				891B44772B52A6B600F06366 /* GameScene.sks in Resources */,
				891B44822B52A6B700F06366 /* Assets.xcassets in Resources */,
				891B44912B52AA8700F06366 /* PlayerExplosion.sks in Resources */,
				891B44852B52A6B700F06366 /* LaunchScreen.storyboard in Resources */,
			);
			runOnlyForDeploymentPostprocessing = 0;
		};
/* End PBXResourcesBuildPhase section */

/* Begin PBXSourcesBuildPhase section */
		891B446D2B52A6B500F06366 /* Sources */ = {
			isa = PBXSourcesBuildPhase;
			buildActionMask = 2147483647;
			files = (
				891B447B2B52A6B600F06366 /* GameScene.swift in Sources */,
				891B447D2B52A6B600F06366 /* GameViewController.swift in Sources */,
				891B44752B52A6B500F06366 /* AppDelegate.swift in Sources */,
			);
			runOnlyForDeploymentPostprocessing = 0;
		};
/* End PBXSourcesBuildPhase section */

/* Begin PBXVariantGroup section */
		891B447E2B52A6B600F06366 /* Main.storyboard */ = {
			isa = PBXVariantGroup;
			children = (
				891B447F2B52A6B600F06366 /* Base */,
			);
			name = Main.storyboard;
			sourceTree = "<group>";
		};
		891B44832B52A6B700F06366 /* LaunchScreen.storyboard */ = {
			isa = PBXVariantGroup;
			children = (
				891B44842B52A6B700F06366 /* Base */,
			);
			name = LaunchScreen.storyboard;
			sourceTree = "<group>";
		};
/* End PBXVariantGroup section */

/* Begin XCBuildConfiguration section */
		891B44862B52A6B700F06366 /* Debug */ = {
			isa = XCBuildConfiguration;
			buildSettings = {
				ALWAYS_SEARCH_USER_PATHS = NO;
				ASSETCATALOG_COMPILER_GENERATE_SWIFT_ASSET_SYMBOL_EXTENSIONS = YES;
				CLANG_ANALYZER_NONNULL = YES;
				CLANG_ANALYZER_NUMBER_OBJECT_CONVERSION = YES_AGGRESSIVE;
				CLANG_CXX_LANGUAGE_STANDARD = "gnu++20";
				CLANG_ENABLE_MODULES = YES;
				CLANG_ENABLE_OBJC_ARC = YES;
				CLANG_ENABLE_OBJC_WEAK = YES;
				CLANG_WARN_BLOCK_CAPTURE_AUTORELEASING = YES;
				CLANG_WARN_BOOL_CONVERSION = YES;
				CLANG_WARN_COMMA = YES;
				CLANG_WARN_CONSTANT_CONVERSION = YES;
				CLANG_WARN_DEPRECATED_OBJC_IMPLEMENTATIONS = YES;
				CLANG_WARN_DIRECT_OBJC_ISA_USAGE = YES_ERROR;
				CLANG_WARN_DOCUMENTATION_COMMENTS = YES;
				CLANG_WARN_EMPTY_BODY = YES;
				CLANG_WARN_ENUM_CONVERSION = YES;
				CLANG_WARN_INFINITE_RECURSION = YES;
				CLANG_WARN_INT_CONVERSION = YES;
				CLANG_WARN_NON_LITERAL_NULL_CONVERSION = YES;
				CLANG_WARN_OBJC_IMPLICIT_RETAIN_SELF = YES;
				CLANG_WARN_OBJC_LITERAL_CONVERSION = YES;
				CLANG_WARN_OBJC_ROOT_CLASS = YES_ERROR;
				CLANG_WARN_QUOTED_INCLUDE_IN_FRAMEWORK_HEADER = YES;
				CLANG_WARN_RANGE_LOOP_ANALYSIS = YES;
				CLANG_WARN_STRICT_PROTOTYPES = YES;
				CLANG_WARN_SUSPICIOUS_MOVE = YES;
				CLANG_WARN_UNGUARDED_AVAILABILITY = YES_AGGRESSIVE;
				CLANG_WARN_UNREACHABLE_CODE = YES;
				CLANG_WARN__DUPLICATE_METHOD_MATCH = YES;
				COPY_PHASE_STRIP = NO;
				DEBUG_INFORMATION_FORMAT = dwarf;
				ENABLE_STRICT_OBJC_MSGSEND = YES;
				ENABLE_TESTABILITY = YES;
				ENABLE_USER_SCRIPT_SANDBOXING = YES;
				GCC_C_LANGUAGE_STANDARD = gnu17;
				GCC_DYNAMIC_NO_PIC = NO;
				GCC_NO_COMMON_BLOCKS = YES;
				GCC_OPTIMIZATION_LEVEL = 0;
				GCC_PREPROCESSOR_DEFINITIONS = (
					"DEBUG=1",
					"$(inherited)",
				);
				GCC_WARN_64_TO_32_BIT_CONVERSION = YES;
				GCC_WARN_ABOUT_RETURN_TYPE = YES_ERROR;
				GCC_WARN_UNDECLARED_SELECTOR = YES;
				GCC_WARN_UNINITIALIZED_AUTOS = YES_AGGRESSIVE;
				GCC_WARN_UNUSED_FUNCTION = YES;
				GCC_WARN_UNUSED_VARIABLE = YES;
				IPHONEOS_DEPLOYMENT_TARGET = 17.2;
				LOCALIZATION_PREFERS_STRING_CATALOGS = YES;
				MTL_ENABLE_DEBUG_INFO = INCLUDE_SOURCE;
				MTL_FAST_MATH = YES;
				ONLY_ACTIVE_ARCH = YES;
				SDKROOT = iphoneos;
				SWIFT_ACTIVE_COMPILATION_CONDITIONS = "DEBUG $(inherited)";
				SWIFT_OPTIMIZATION_LEVEL = "-Onone";
			};
			name = Debug;
		};
		891B44872B52A6B700F06366 /* Release */ = {
			isa = XCBuildConfiguration;
			buildSettings = {
				ALWAYS_SEARCH_USER_PATHS = NO;
				ASSETCATALOG_COMPILER_GENERATE_SWIFT_ASSET_SYMBOL_EXTENSIONS = YES;
				CLANG_ANALYZER_NONNULL = YES;
				CLANG_ANALYZER_NUMBER_OBJECT_CONVERSION = YES_AGGRESSIVE;
				CLANG_CXX_LANGUAGE_STANDARD = "gnu++20";
				CLANG_ENABLE_MODULES = YES;
				CLANG_ENABLE_OBJC_ARC = YES;
				CLANG_ENABLE_OBJC_WEAK = YES;
				CLANG_WARN_BLOCK_CAPTURE_AUTORELEASING = YES;
				CLANG_WARN_BOOL_CONVERSION = YES;
				CLANG_WARN_COMMA = YES;
				CLANG_WARN_CONSTANT_CONVERSION = YES;
				CLANG_WARN_DEPRECATED_OBJC_IMPLEMENTATIONS = YES;
				CLANG_WARN_DIRECT_OBJC_ISA_USAGE = YES_ERROR;
				CLANG_WARN_DOCUMENTATION_COMMENTS = YES;
				CLANG_WARN_EMPTY_BODY = YES;
				CLANG_WARN_ENUM_CONVERSION = YES;
				CLANG_WARN_INFINITE_RECURSION = YES;
				CLANG_WARN_INT_CONVERSION = YES;
				CLANG_WARN_NON_LITERAL_NULL_CONVERSION = YES;
				CLANG_WARN_OBJC_IMPLICIT_RETAIN_SELF = YES;
				CLANG_WARN_OBJC_LITERAL_CONVERSION = YES;
				CLANG_WARN_OBJC_ROOT_CLASS = YES_ERROR;
				CLANG_WARN_QUOTED_INCLUDE_IN_FRAMEWORK_HEADER = YES;
				CLANG_WARN_RANGE_LOOP_ANALYSIS = YES;
				CLANG_WARN_STRICT_PROTOTYPES = YES;
				CLANG_WARN_SUSPICIOUS_MOVE = YES;
				CLANG_WARN_UNGUARDED_AVAILABILITY = YES_AGGRESSIVE;
				CLANG_WARN_UNREACHABLE_CODE = YES;
				CLANG_WARN__DUPLICATE_METHOD_MATCH = YES;
				COPY_PHASE_STRIP = NO;
				DEBUG_INFORMATION_FORMAT = "dwarf-with-dsym";
				ENABLE_NS_ASSERTIONS = NO;
				ENABLE_STRICT_OBJC_MSGSEND = YES;
				ENABLE_USER_SCRIPT_SANDBOXING = YES;
				GCC_C_LANGUAGE_STANDARD = gnu17;
				GCC_NO_COMMON_BLOCKS = YES;
				GCC_WARN_64_TO_32_BIT_CONVERSION = YES;
				GCC_WARN_ABOUT_RETURN_TYPE = YES_ERROR;
				GCC_WARN_UNDECLARED_SELECTOR = YES;
				GCC_WARN_UNINITIALIZED_AUTOS = YES_AGGRESSIVE;
				GCC_WARN_UNUSED_FUNCTION = YES;
				GCC_WARN_UNUSED_VARIABLE = YES;
				IPHONEOS_DEPLOYMENT_TARGET = 17.2;
				LOCALIZATION_PREFERS_STRING_CATALOGS = YES;
				MTL_ENABLE_DEBUG_INFO = NO;
				MTL_FAST_MATH = YES;
				SDKROOT = iphoneos;
				SWIFT_COMPILATION_MODE = wholemodule;
				VALIDATE_PRODUCT = YES;
			};
			name = Release;
		};
		891B44892B52A6B700F06366 /* Debug */ = {
			isa = XCBuildConfiguration;
			buildSettings = {
				ASSETCATALOG_COMPILER_APPICON_NAME = AppIcon;
				ASSETCATALOG_COMPILER_GLOBAL_ACCENT_COLOR_NAME = AccentColor;
				CODE_SIGN_STYLE = Automatic;
				CURRENT_PROJECT_VERSION = 1;
				GENERATE_INFOPLIST_FILE = YES;
				INFOPLIST_KEY_UIApplicationSupportsIndirectInputEvents = YES;
				INFOPLIST_KEY_UILaunchStoryboardName = LaunchScreen;
				INFOPLIST_KEY_UIMainStoryboardFile = Main;
				INFOPLIST_KEY_UIStatusBarHidden = YES;
				INFOPLIST_KEY_UISupportedInterfaceOrientations = UIInterfaceOrientationPortrait;
				INFOPLIST_KEY_UISupportedInterfaceOrientations_iPad = "UIInterfaceOrientationLandscapeLeft UIInterfaceOrientationLandscapeRight UIInterfaceOrientationPortrait UIInterfaceOrientationPortraitUpsideDown";
				LD_RUNPATH_SEARCH_PATHS = (
					"$(inherited)",
					"@executable_path/Frameworks",
				);
				MARKETING_VERSION = 1.0;
				PRODUCT_BUNDLE_IDENTIFIER = me.habil.CrashyPlane;
				PRODUCT_NAME = "$(TARGET_NAME)";
				SWIFT_EMIT_LOC_STRINGS = YES;
				SWIFT_VERSION = 5.0;
				TARGETED_DEVICE_FAMILY = "1,2";
			};
			name = Debug;
		};
		891B448A2B52A6B700F06366 /* Release */ = {
			isa = XCBuildConfiguration;
			buildSettings = {
				ASSETCATALOG_COMPILER_APPICON_NAME = AppIcon;
				ASSETCATALOG_COMPILER_GLOBAL_ACCENT_COLOR_NAME = AccentColor;
				CODE_SIGN_STYLE = Automatic;
				CURRENT_PROJECT_VERSION = 1;
				GENERATE_INFOPLIST_FILE = YES;
				INFOPLIST_KEY_UIApplicationSupportsIndirectInputEvents = YES;
				INFOPLIST_KEY_UILaunchStoryboardName = LaunchScreen;
				INFOPLIST_KEY_UIMainStoryboardFile = Main;
				INFOPLIST_KEY_UIStatusBarHidden = YES;
				INFOPLIST_KEY_UISupportedInterfaceOrientations = UIInterfaceOrientationPortrait;
				INFOPLIST_KEY_UISupportedInterfaceOrientations_iPad = "UIInterfaceOrientationLandscapeLeft UIInterfaceOrientationLandscapeRight UIInterfaceOrientationPortrait UIInterfaceOrientationPortraitUpsideDown";
				LD_RUNPATH_SEARCH_PATHS = (
					"$(inherited)",
					"@executable_path/Frameworks",
				);
				MARKETING_VERSION = 1.0;
				PRODUCT_BUNDLE_IDENTIFIER = me.habil.CrashyPlane;
				PRODUCT_NAME = "$(TARGET_NAME)";
				SWIFT_EMIT_LOC_STRINGS = YES;
				SWIFT_VERSION = 5.0;
				TARGETED_DEVICE_FAMILY = "1,2";
			};
			name = Release;
		};
/* End XCBuildConfiguration section */

/* Begin XCConfigurationList section */
		891B446C2B52A6B500F06366 /* Build configuration list for PBXProject "CrashyPlane" */ = {
			isa = XCConfigurationList;
			buildConfigurations = (
				891B44862B52A6B700F06366 /* Debug */,
				891B44872B52A6B700F06366 /* Release */,
			);
			defaultConfigurationIsVisible = 0;
			defaultConfigurationName = Release;
		};
		891B44882B52A6B700F06366 /* Build configuration list for PBXNativeTarget "CrashyPlane" */ = {
			isa = XCConfigurationList;
			buildConfigurations = (
				891B44892B52A6B700F06366 /* Debug */,
				891B448A2B52A6B700F06366 /* Release */,
			);
			defaultConfigurationIsVisible = 0;
			defaultConfigurationName = Release;
		};
/* End XCConfigurationList section */
	};
	rootObject = 891B44692B52A6B500F06366 /* Project object */;
}
