// !$*UTF8*$!
{
	archiveVersion = 1;
	classes = {
	};
	objectVersion = 56;
	objects = {

/* Begin PBXBuildFile section */
		8956D6632B39CB01006C9BC0 /* PhotoTakerApp.swift in Sources */ = {isa = PBXBuildFile; fileRef = 8956D6622B39CB01006C9BC0 /* PhotoTakerApp.swift */; };
		8956D6652B39CB01006C9BC0 /* ContentView.swift in Sources */ = {isa = PBXBuildFile; fileRef = 8956D6642B39CB01006C9BC0 /* ContentView.swift */; };
		8956D6672B39CB02006C9BC0 /* Assets.xcassets in Resources */ = {isa = PBXBuildFile; fileRef = 8956D6662B39CB02006C9BC0 /* Assets.xcassets */; };
		8956D66A2B39CB02006C9BC0 /* Preview Assets.xcassets in Resources */ = {isa = PBXBuildFile; fileRef = 8956D6692B39CB02006C9BC0 /* Preview Assets.xcassets */; };
		8956D6712B39CC60006C9BC0 /* Photo.swift in Sources */ = {isa = PBXBuildFile; fileRef = 8956D6702B39CC60006C9BC0 /* Photo.swift */; };
		8956D6732B39CCF7006C9BC0 /* ContentView-ViewModel.swift in Sources */ = {isa = PBXBuildFile; fileRef = 8956D6722B39CCF7006C9BC0 /* ContentView-ViewModel.swift */; };
		8956D6752B39CD97006C9BC0 /* FileManager-PicturesDirectory.swift in Sources */ = {isa = PBXBuildFile; fileRef = 8956D6742B39CD97006C9BC0 /* FileManager-PicturesDirectory.swift */; };
		8956D6772B39CF84006C9BC0 /* AddView.swift in Sources */ = {isa = PBXBuildFile; fileRef = 8956D6762B39CF84006C9BC0 /* AddView.swift */; };
		8956D6792B39CF8E006C9BC0 /* AddView-ViewModel.swift in Sources */ = {isa = PBXBuildFile; fileRef = 8956D6782B39CF8E006C9BC0 /* AddView-ViewModel.swift */; };
		8956D67D2B39D9A8006C9BC0 /* DetailView.swift in Sources */ = {isa = PBXBuildFile; fileRef = 8956D67C2B39D9A8006C9BC0 /* DetailView.swift */; };
		8956D67F2B39DA41006C9BC0 /* DetailView-ViewModel.swift in Sources */ = {isa = PBXBuildFile; fileRef = 8956D67E2B39DA41006C9BC0 /* DetailView-ViewModel.swift */; };
		8956D6812B39DB53006C9BC0 /* DataExtension.swift in Sources */ = {isa = PBXBuildFile; fileRef = 8956D6802B39DB53006C9BC0 /* DataExtension.swift */; };
		8956D6832B39DCAB006C9BC0 /* LocationFetcher.swift in Sources */ = {isa = PBXBuildFile; fileRef = 8956D6822B39DCAB006C9BC0 /* LocationFetcher.swift */; };
/* End PBXBuildFile section */

/* Begin PBXFileReference section */
		8956D65F2B39CB01006C9BC0 /* PhotoTaker.app */ = {isa = PBXFileReference; explicitFileType = wrapper.application; includeInIndex = 0; path = PhotoTaker.app; sourceTree = BUILT_PRODUCTS_DIR; };
		8956D6622B39CB01006C9BC0 /* PhotoTakerApp.swift */ = {isa = PBXFileReference; lastKnownFileType = sourcecode.swift; path = PhotoTakerApp.swift; sourceTree = "<group>"; };
		8956D6642B39CB01006C9BC0 /* ContentView.swift */ = {isa = PBXFileReference; lastKnownFileType = sourcecode.swift; path = ContentView.swift; sourceTree = "<group>"; };
		8956D6662B39CB02006C9BC0 /* Assets.xcassets */ = {isa = PBXFileReference; lastKnownFileType = folder.assetcatalog; path = Assets.xcassets; sourceTree = "<group>"; };
		8956D6692B39CB02006C9BC0 /* Preview Assets.xcassets */ = {isa = PBXFileReference; lastKnownFileType = folder.assetcatalog; path = "Preview Assets.xcassets"; sourceTree = "<group>"; };
		8956D6702B39CC60006C9BC0 /* Photo.swift */ = {isa = PBXFileReference; lastKnownFileType = sourcecode.swift; path = Photo.swift; sourceTree = "<group>"; };
		8956D6722B39CCF7006C9BC0 /* ContentView-ViewModel.swift */ = {isa = PBXFileReference; lastKnownFileType = sourcecode.swift; path = "ContentView-ViewModel.swift"; sourceTree = "<group>"; };
		8956D6742B39CD97006C9BC0 /* FileManager-PicturesDirectory.swift */ = {isa = PBXFileReference; lastKnownFileType = sourcecode.swift; path = "FileManager-PicturesDirectory.swift"; sourceTree = "<group>"; };
		8956D6762B39CF84006C9BC0 /* AddView.swift */ = {isa = PBXFileReference; lastKnownFileType = sourcecode.swift; path = AddView.swift; sourceTree = "<group>"; };
		8956D6782B39CF8E006C9BC0 /* AddView-ViewModel.swift */ = {isa = PBXFileReference; lastKnownFileType = sourcecode.swift; path = "AddView-ViewModel.swift"; sourceTree = "<group>"; };
		8956D67C2B39D9A8006C9BC0 /* DetailView.swift */ = {isa = PBXFileReference; lastKnownFileType = sourcecode.swift; path = DetailView.swift; sourceTree = "<group>"; };
		8956D67E2B39DA41006C9BC0 /* DetailView-ViewModel.swift */ = {isa = PBXFileReference; lastKnownFileType = sourcecode.swift; path = "DetailView-ViewModel.swift"; sourceTree = "<group>"; };
		8956D6802B39DB53006C9BC0 /* DataExtension.swift */ = {isa = PBXFileReference; lastKnownFileType = sourcecode.swift; path = DataExtension.swift; sourceTree = "<group>"; };
		8956D6822B39DCAB006C9BC0 /* LocationFetcher.swift */ = {isa = PBXFileReference; lastKnownFileType = sourcecode.swift; path = LocationFetcher.swift; sourceTree = "<group>"; };
/* End PBXFileReference section */

/* Begin PBXFrameworksBuildPhase section */
		8956D65C2B39CB01006C9BC0 /* Frameworks */ = {
			isa = PBXFrameworksBuildPhase;
			buildActionMask = 2147483647;
			files = (
			);
			runOnlyForDeploymentPostprocessing = 0;
		};
/* End PBXFrameworksBuildPhase section */

/* Begin PBXGroup section */
		8956D6562B39CB01006C9BC0 = {
			isa = PBXGroup;
			children = (
				8956D6612B39CB01006C9BC0 /* PhotoTaker */,
				8956D6602B39CB01006C9BC0 /* Products */,
			);
			sourceTree = "<group>";
		};
		8956D6602B39CB01006C9BC0 /* Products */ = {
			isa = PBXGroup;
			children = (
				8956D65F2B39CB01006C9BC0 /* PhotoTaker.app */,
			);
			name = Products;
			sourceTree = "<group>";
		};
		8956D6612B39CB01006C9BC0 /* PhotoTaker */ = {
			isa = PBXGroup;
			children = (
				8956D6622B39CB01006C9BC0 /* PhotoTakerApp.swift */,
				8956D6642B39CB01006C9BC0 /* ContentView.swift */,
				8956D6722B39CCF7006C9BC0 /* ContentView-ViewModel.swift */,
				8956D6802B39DB53006C9BC0 /* DataExtension.swift */,
				8956D6762B39CF84006C9BC0 /* AddView.swift */,
				8956D6782B39CF8E006C9BC0 /* AddView-ViewModel.swift */,
				8956D67C2B39D9A8006C9BC0 /* DetailView.swift */,
				8956D67E2B39DA41006C9BC0 /* DetailView-ViewModel.swift */,
				8956D6742B39CD97006C9BC0 /* FileManager-PicturesDirectory.swift */,
				8956D6702B39CC60006C9BC0 /* Photo.swift */,
				8956D6822B39DCAB006C9BC0 /* LocationFetcher.swift */,
				8956D6662B39CB02006C9BC0 /* Assets.xcassets */,
				8956D6682B39CB02006C9BC0 /* Preview Content */,
			);
			path = PhotoTaker;
			sourceTree = "<group>";
		};
		8956D6682B39CB02006C9BC0 /* Preview Content */ = {
			isa = PBXGroup;
			children = (
				8956D6692B39CB02006C9BC0 /* Preview Assets.xcassets */,
			);
			path = "Preview Content";
			sourceTree = "<group>";
		};
/* End PBXGroup section */

/* Begin PBXNativeTarget section */
		8956D65E2B39CB01006C9BC0 /* PhotoTaker */ = {
			isa = PBXNativeTarget;
			buildConfigurationList = 8956D66D2B39CB02006C9BC0 /* Build configuration list for PBXNativeTarget "PhotoTaker" */;
			buildPhases = (
				8956D65B2B39CB01006C9BC0 /* Sources */,
				8956D65C2B39CB01006C9BC0 /* Frameworks */,
				8956D65D2B39CB01006C9BC0 /* Resources */,
			);
			buildRules = (
			);
			dependencies = (
			);
			name = PhotoTaker;
			productName = PhotoTaker;
			productReference = 8956D65F2B39CB01006C9BC0 /* PhotoTaker.app */;
			productType = "com.apple.product-type.application";
		};
/* End PBXNativeTarget section */

/* Begin PBXProject section */
		8956D6572B39CB01006C9BC0 /* Project object */ = {
			isa = PBXProject;
			attributes = {
				BuildIndependentTargetsInParallel = 1;
				LastSwiftUpdateCheck = 1510;
				LastUpgradeCheck = 1510;
				TargetAttributes = {
					8956D65E2B39CB01006C9BC0 = {
						CreatedOnToolsVersion = 15.1;
					};
				};
			};
			buildConfigurationList = 8956D65A2B39CB01006C9BC0 /* Build configuration list for PBXProject "PhotoTaker" */;
			compatibilityVersion = "Xcode 14.0";
			developmentRegion = en;
			hasScannedForEncodings = 0;
			knownRegions = (
				en,
				Base,
			);
			mainGroup = 8956D6562B39CB01006C9BC0;
			productRefGroup = 8956D6602B39CB01006C9BC0 /* Products */;
			projectDirPath = "";
			projectRoot = "";
			targets = (
				8956D65E2B39CB01006C9BC0 /* PhotoTaker */,
			);
		};
/* End PBXProject section */

/* Begin PBXResourcesBuildPhase section */
		8956D65D2B39CB01006C9BC0 /* Resources */ = {
			isa = PBXResourcesBuildPhase;
			buildActionMask = 2147483647;
			files = (
				8956D66A2B39CB02006C9BC0 /* Preview Assets.xcassets in Resources */,
				8956D6672B39CB02006C9BC0 /* Assets.xcassets in Resources */,
			);
			runOnlyForDeploymentPostprocessing = 0;
		};
/* End PBXResourcesBuildPhase section */

/* Begin PBXSourcesBuildPhase section */
		8956D65B2B39CB01006C9BC0 /* Sources */ = {
			isa = PBXSourcesBuildPhase;
			buildActionMask = 2147483647;
			files = (
				8956D6712B39CC60006C9BC0 /* Photo.swift in Sources */,
				8956D67D2B39D9A8006C9BC0 /* DetailView.swift in Sources */,
				8956D67F2B39DA41006C9BC0 /* DetailView-ViewModel.swift in Sources */,
				8956D6812B39DB53006C9BC0 /* DataExtension.swift in Sources */,
				8956D6832B39DCAB006C9BC0 /* LocationFetcher.swift in Sources */,
				8956D6792B39CF8E006C9BC0 /* AddView-ViewModel.swift in Sources */,
				8956D6752B39CD97006C9BC0 /* FileManager-PicturesDirectory.swift in Sources */,
				8956D6772B39CF84006C9BC0 /* AddView.swift in Sources */,
				8956D6732B39CCF7006C9BC0 /* ContentView-ViewModel.swift in Sources */,
				8956D6652B39CB01006C9BC0 /* ContentView.swift in Sources */,
				8956D6632B39CB01006C9BC0 /* PhotoTakerApp.swift in Sources */,
			);
			runOnlyForDeploymentPostprocessing = 0;
		};
/* End PBXSourcesBuildPhase section */

/* Begin XCBuildConfiguration section */
		8956D66B2B39CB02006C9BC0 /* Debug */ = {
			isa = XCBuildConfiguration;
			buildSettings = {
				ALWAYS_SEARCH_USER_PATHS = NO;
				ASSETCATALOG_COMPILER_GENERATE_SWIFT_ASSET_SYMBOL_EXTENSIONS = YES;
				CLANG_ANALYZER_NONNULL = YES;
				CLANG_ANALYZER_NUMBER_OBJECT_CONVERSION = YES_AGGRESSIVE;
				CLANG_CXX_LANGUAGE_STANDARD = "gnu++20";
				CLANG_ENABLE_MODULES = YES;
				CLANG_ENABLE_OBJC_ARC = YES;
				CLANG_ENABLE_OBJC_WEAK = YES;
				CLANG_WARN_BLOCK_CAPTURE_AUTORELEASING = YES;
				CLANG_WARN_BOOL_CONVERSION = YES;
				CLANG_WARN_COMMA = YES;
				CLANG_WARN_CONSTANT_CONVERSION = YES;
				CLANG_WARN_DEPRECATED_OBJC_IMPLEMENTATIONS = YES;
				CLANG_WARN_DIRECT_OBJC_ISA_USAGE = YES_ERROR;
				CLANG_WARN_DOCUMENTATION_COMMENTS = YES;
				CLANG_WARN_EMPTY_BODY = YES;
				CLANG_WARN_ENUM_CONVERSION = YES;
				CLANG_WARN_INFINITE_RECURSION = YES;
				CLANG_WARN_INT_CONVERSION = YES;
				CLANG_WARN_NON_LITERAL_NULL_CONVERSION = YES;
				CLANG_WARN_OBJC_IMPLICIT_RETAIN_SELF = YES;
				CLANG_WARN_OBJC_LITERAL_CONVERSION = YES;
				CLANG_WARN_OBJC_ROOT_CLASS = YES_ERROR;
				CLANG_WARN_QUOTED_INCLUDE_IN_FRAMEWORK_HEADER = YES;
				CLANG_WARN_RANGE_LOOP_ANALYSIS = YES;
				CLANG_WARN_STRICT_PROTOTYPES = YES;
				CLANG_WARN_SUSPICIOUS_MOVE = YES;
				CLANG_WARN_UNGUARDED_AVAILABILITY = YES_AGGRESSIVE;
				CLANG_WARN_UNREACHABLE_CODE = YES;
				CLANG_WARN__DUPLICATE_METHOD_MATCH = YES;
				COPY_PHASE_STRIP = NO;
				DEBUG_INFORMATION_FORMAT = dwarf;
				ENABLE_STRICT_OBJC_MSGSEND = YES;
				ENABLE_TESTABILITY = YES;
				ENABLE_USER_SCRIPT_SANDBOXING = YES;
				GCC_C_LANGUAGE_STANDARD = gnu17;
				GCC_DYNAMIC_NO_PIC = NO;
				GCC_NO_COMMON_BLOCKS = YES;
				GCC_OPTIMIZATION_LEVEL = 0;
				GCC_PREPROCESSOR_DEFINITIONS = (
					"DEBUG=1",
					"$(inherited)",
				);
				GCC_WARN_64_TO_32_BIT_CONVERSION = YES;
				GCC_WARN_ABOUT_RETURN_TYPE = YES_ERROR;
				GCC_WARN_UNDECLARED_SELECTOR = YES;
				GCC_WARN_UNINITIALIZED_AUTOS = YES_AGGRESSIVE;
				GCC_WARN_UNUSED_FUNCTION = YES;
				GCC_WARN_UNUSED_VARIABLE = YES;
				IPHONEOS_DEPLOYMENT_TARGET = 17.2;
				LOCALIZATION_PREFERS_STRING_CATALOGS = YES;
				MTL_ENABLE_DEBUG_INFO = INCLUDE_SOURCE;
				MTL_FAST_MATH = YES;
				ONLY_ACTIVE_ARCH = YES;
				SDKROOT = iphoneos;
				SWIFT_ACTIVE_COMPILATION_CONDITIONS = "DEBUG $(inherited)";
				SWIFT_OPTIMIZATION_LEVEL = "-Onone";
			};
			name = Debug;
		};
		8956D66C2B39CB02006C9BC0 /* Release */ = {
			isa = XCBuildConfiguration;
			buildSettings = {
				ALWAYS_SEARCH_USER_PATHS = NO;
				ASSETCATALOG_COMPILER_GENERATE_SWIFT_ASSET_SYMBOL_EXTENSIONS = YES;
				CLANG_ANALYZER_NONNULL = YES;
				CLANG_ANALYZER_NUMBER_OBJECT_CONVERSION = YES_AGGRESSIVE;
				CLANG_CXX_LANGUAGE_STANDARD = "gnu++20";
				CLANG_ENABLE_MODULES = YES;
				CLANG_ENABLE_OBJC_ARC = YES;
				CLANG_ENABLE_OBJC_WEAK = YES;
				CLANG_WARN_BLOCK_CAPTURE_AUTORELEASING = YES;
				CLANG_WARN_BOOL_CONVERSION = YES;
				CLANG_WARN_COMMA = YES;
				CLANG_WARN_CONSTANT_CONVERSION = YES;
				CLANG_WARN_DEPRECATED_OBJC_IMPLEMENTATIONS = YES;
				CLANG_WARN_DIRECT_OBJC_ISA_USAGE = YES_ERROR;
				CLANG_WARN_DOCUMENTATION_COMMENTS = YES;
				CLANG_WARN_EMPTY_BODY = YES;
				CLANG_WARN_ENUM_CONVERSION = YES;
				CLANG_WARN_INFINITE_RECURSION = YES;
				CLANG_WARN_INT_CONVERSION = YES;
				CLANG_WARN_NON_LITERAL_NULL_CONVERSION = YES;
				CLANG_WARN_OBJC_IMPLICIT_RETAIN_SELF = YES;
				CLANG_WARN_OBJC_LITERAL_CONVERSION = YES;
				CLANG_WARN_OBJC_ROOT_CLASS = YES_ERROR;
				CLANG_WARN_QUOTED_INCLUDE_IN_FRAMEWORK_HEADER = YES;
				CLANG_WARN_RANGE_LOOP_ANALYSIS = YES;
				CLANG_WARN_STRICT_PROTOTYPES = YES;
				CLANG_WARN_SUSPICIOUS_MOVE = YES;
				CLANG_WARN_UNGUARDED_AVAILABILITY = YES_AGGRESSIVE;
				CLANG_WARN_UNREACHABLE_CODE = YES;
				CLANG_WARN__DUPLICATE_METHOD_MATCH = YES;
				COPY_PHASE_STRIP = NO;
				DEBUG_INFORMATION_FORMAT = "dwarf-with-dsym";
				ENABLE_NS_ASSERTIONS = NO;
				ENABLE_STRICT_OBJC_MSGSEND = YES;
				ENABLE_USER_SCRIPT_SANDBOXING = YES;
				GCC_C_LANGUAGE_STANDARD = gnu17;
				GCC_NO_COMMON_BLOCKS = YES;
				GCC_WARN_64_TO_32_BIT_CONVERSION = YES;
				GCC_WARN_ABOUT_RETURN_TYPE = YES_ERROR;
				GCC_WARN_UNDECLARED_SELECTOR = YES;
				GCC_WARN_UNINITIALIZED_AUTOS = YES_AGGRESSIVE;
				GCC_WARN_UNUSED_FUNCTION = YES;
				GCC_WARN_UNUSED_VARIABLE = YES;
				IPHONEOS_DEPLOYMENT_TARGET = 17.2;
				LOCALIZATION_PREFERS_STRING_CATALOGS = YES;
				MTL_ENABLE_DEBUG_INFO = NO;
				MTL_FAST_MATH = YES;
				SDKROOT = iphoneos;
				SWIFT_COMPILATION_MODE = wholemodule;
				VALIDATE_PRODUCT = YES;
			};
			name = Release;
		};
		8956D66E2B39CB02006C9BC0 /* Debug */ = {
			isa = XCBuildConfiguration;
			buildSettings = {
				ASSETCATALOG_COMPILER_APPICON_NAME = AppIcon;
				ASSETCATALOG_COMPILER_GLOBAL_ACCENT_COLOR_NAME = AccentColor;
				CODE_SIGN_STYLE = Automatic;
				CURRENT_PROJECT_VERSION = 1;
				DEVELOPMENT_ASSET_PATHS = "\"PhotoTaker/Preview Content\"";
				ENABLE_PREVIEWS = YES;
				GENERATE_INFOPLIST_FILE = YES;
				INFOPLIST_KEY_NSLocationWhenInUseUsageDescription = "To ensure transparency and user consent regarding the app's need to access the device's location data during active use";
				INFOPLIST_KEY_UIApplicationSceneManifest_Generation = YES;
				INFOPLIST_KEY_UIApplicationSupportsIndirectInputEvents = YES;
				INFOPLIST_KEY_UILaunchScreen_Generation = YES;
				INFOPLIST_KEY_UISupportedInterfaceOrientations_iPad = "UIInterfaceOrientationPortrait UIInterfaceOrientationPortraitUpsideDown UIInterfaceOrientationLandscapeLeft UIInterfaceOrientationLandscapeRight";
				INFOPLIST_KEY_UISupportedInterfaceOrientations_iPhone = "UIInterfaceOrientationPortrait UIInterfaceOrientationLandscapeLeft UIInterfaceOrientationLandscapeRight";
				LD_RUNPATH_SEARCH_PATHS = (
					"$(inherited)",
					"@executable_path/Frameworks",
				);
				MARKETING_VERSION = 1.0;
				PRODUCT_BUNDLE_IDENTIFIER = me.habil.PhotoTaker;
				PRODUCT_NAME = "$(TARGET_NAME)";
				SWIFT_EMIT_LOC_STRINGS = YES;
				SWIFT_VERSION = 5.0;
				TARGETED_DEVICE_FAMILY = "1,2";
			};
			name = Debug;
		};
		8956D66F2B39CB02006C9BC0 /* Release */ = {
			isa = XCBuildConfiguration;
			buildSettings = {
				ASSETCATALOG_COMPILER_APPICON_NAME = AppIcon;
				ASSETCATALOG_COMPILER_GLOBAL_ACCENT_COLOR_NAME = AccentColor;
				CODE_SIGN_STYLE = Automatic;
				CURRENT_PROJECT_VERSION = 1;
				DEVELOPMENT_ASSET_PATHS = "\"PhotoTaker/Preview Content\"";
				ENABLE_PREVIEWS = YES;
				GENERATE_INFOPLIST_FILE = YES;
				INFOPLIST_KEY_NSLocationWhenInUseUsageDescription = "To ensure transparency and user consent regarding the app's need to access the device's location data during active use";
				INFOPLIST_KEY_UIApplicationSceneManifest_Generation = YES;
				INFOPLIST_KEY_UIApplicationSupportsIndirectInputEvents = YES;
				INFOPLIST_KEY_UILaunchScreen_Generation = YES;
				INFOPLIST_KEY_UISupportedInterfaceOrientations_iPad = "UIInterfaceOrientationPortrait UIInterfaceOrientationPortraitUpsideDown UIInterfaceOrientationLandscapeLeft UIInterfaceOrientationLandscapeRight";
				INFOPLIST_KEY_UISupportedInterfaceOrientations_iPhone = "UIInterfaceOrientationPortrait UIInterfaceOrientationLandscapeLeft UIInterfaceOrientationLandscapeRight";
				LD_RUNPATH_SEARCH_PATHS = (
					"$(inherited)",
					"@executable_path/Frameworks",
				);
				MARKETING_VERSION = 1.0;
				PRODUCT_BUNDLE_IDENTIFIER = me.habil.PhotoTaker;
				PRODUCT_NAME = "$(TARGET_NAME)";
				SWIFT_EMIT_LOC_STRINGS = YES;
				SWIFT_VERSION = 5.0;
				TARGETED_DEVICE_FAMILY = "1,2";
			};
			name = Release;
		};
/* End XCBuildConfiguration section */

/* Begin XCConfigurationList section */
		8956D65A2B39CB01006C9BC0 /* Build configuration list for PBXProject "PhotoTaker" */ = {
			isa = XCConfigurationList;
			buildConfigurations = (
				8956D66B2B39CB02006C9BC0 /* Debug */,
				8956D66C2B39CB02006C9BC0 /* Release */,
			);
			defaultConfigurationIsVisible = 0;
			defaultConfigurationName = Release;
		};
		8956D66D2B39CB02006C9BC0 /* Build configuration list for PBXNativeTarget "PhotoTaker" */ = {
			isa = XCConfigurationList;
			buildConfigurations = (
				8956D66E2B39CB02006C9BC0 /* Debug */,
				8956D66F2B39CB02006C9BC0 /* Release */,
			);
			defaultConfigurationIsVisible = 0;
			defaultConfigurationName = Release;
		};
/* End XCConfigurationList section */
	};
	rootObject = 8956D6572B39CB01006C9BC0 /* Project object */;
}
